{
  "version": "5",
  "specifiers": {
    "jsr:@nodef/extra-sql@0.1.2": "0.1.2",
    "jsr:@std/assert@*": "1.0.13",
    "jsr:@std/bytes@^1.0.5": "1.0.6",
    "jsr:@std/csv@1.0.6": "1.0.6",
    "jsr:@std/internal@^1.0.6": "1.0.7",
    "jsr:@std/path@1.0.9": "1.0.9",
    "jsr:@std/streams@^1.0.9": "1.0.9",
    "npm:lunr@2.3.9": "2.3.9"
  },
  "jsr": {
    "@nodef/extra-sql@0.1.2": {
      "integrity": "915e7c47145f6f7e64ac04ab1b12c09cc3ef1964e72cd3241f7be423f6d0be8a"
    },
    "@std/assert@1.0.13": {
      "integrity": "ae0d31e41919b12c656c742b22522c32fb26ed0cba32975cb0de2a273cb68b29",
      "dependencies": [
        "jsr:@std/internal"
      ]
    },
    "@std/bytes@1.0.6": {
      "integrity": "f6ac6adbd8ccd99314045f5703e23af0a68d7f7e58364b47d2c7f408aeb5820a"
    },
    "@std/csv@1.0.6": {
      "integrity": "52ef0e62799a0028d278fa04762f17f9bd263fad9a8e7f98c14fbd371d62d9fd",
      "dependencies": [
        "jsr:@std/streams"
      ]
    },
    "@std/internal@1.0.7": {
      "integrity": "39eeb5265190a7bc5d5591c9ff019490bd1f2c3907c044a11b0d545796158a0f"
    },
    "@std/path@1.0.9": {
      "integrity": "260a49f11edd3db93dd38350bf9cd1b4d1366afa98e81b86167b4e3dd750129e"
    },
    "@std/streams@1.0.9": {
      "integrity": "a9d26b1988cdd7aa7b1f4b51e1c36c1557f3f252880fa6cc5b9f37078b1a5035",
      "dependencies": [
        "jsr:@std/bytes"
      ]
    }
  },
  "npm": {
    "lunr@2.3.9": {
      "integrity": "sha512-zTU3DaZaF3Rt9rhN3uBMGQD3dD2/vFQqnvZCDv4dl5iOzq2IZQqTxu90r4E5J+nP70J3ilqVCrbho2eWaeW8Ow=="
    }
  }
}
